
Microsoft Visual Studio Solution File, Format Version 12.00
Project("{2150E333-8FDC-42A3-9474-1A3956D46DE8}") = "src", "src", "{496BF05E-17C7-4A0E-A9C0-19D8EE475A09}"
EndProject
Project("{2150E333-8FDC-42A3-9474-1A3956D46DE8}") = "Modules", "Modules", "{C579AB34-5D6D-4FB3-BAC7-2D5BB373C366}"
EndProject
Project("{2150E333-8FDC-42A3-9474-1A3956D46DE8}") = "Auth", "Auth", "{F345EF7E-AAFA-4A24-B98D-4E54DF3B0F1B}"
EndProject
Project("{FAE04EC0-301F-11D3-BF4B-00C04F79EFBC}") = "Momentum.Auth.Core", "src\Modules\Auth\Momentum.Auth.Core\Momentum.Auth.Core.csproj", "{DE7D225C-DF79-4628-AA8B-A733B82A2E7D}"
EndProject
Project("{FAE04EC0-301F-11D3-BF4B-00C04F79EFBC}") = "Momentum.Auth.Infrastructure", "src\Modules\Auth\Momentum.Auth.Infrastructure\Momentum.Auth.Infrastructure.csproj", "{8158C49B-86ED-42A9-801C-48E0FD1D7205}"
EndProject
Project("{FAE04EC0-301F-11D3-BF4B-00C04F79EFBC}") = "Momentum.Auth.Application", "src\Modules\Auth\Momentum.Auth.Application\Momentum.Auth.Application.csproj", "{9430C60D-ACA7-4182-95A7-B197373F15D6}"
EndProject
Project("{FAE04EC0-301F-11D3-BF4B-00C04F79EFBC}") = "Momentum.Auth.Api", "src\Modules\Auth\Momentum.Auth.Api\Momentum.Auth.Api.csproj", "{B5D499DF-D75C-49DE-A8C3-63A05B31B887}"
EndProject
Project("{2150E333-8FDC-42A3-9474-1A3956D46DE8}") = "Framework", "Framework", "{3194BD1F-B1CA-4A5F-AE9F-5886B7EEFA45}"
EndProject
Project("{FAE04EC0-301F-11D3-BF4B-00C04F79EFBC}") = "Momentum.Framework.Core", "src\Framework\Momentum.Framework.Core\Momentum.Framework.Core.csproj", "{3C91FABE-5314-4FE7-8499-53B6F0BE6043}"
EndProject
Project("{2150E333-8FDC-42A3-9474-1A3956D46DE8}") = "Users", "Users", "{E61164A7-4428-4FFB-8DE4-AC39874F71AB}"
EndProject
Project("{FAE04EC0-301F-11D3-BF4B-00C04F79EFBC}") = "Momentum.Users.Core", "src\Modules\Users\Momentum.Users.Core\Momentum.Users.Core.csproj", "{5D556F5E-FCE3-4F2B-9BB5-75D3CA318A24}"
EndProject
Project("{FAE04EC0-301F-11D3-BF4B-00C04F79EFBC}") = "Momentum.Users.Application", "src\Modules\Users\Momentum.Users.Application\Momentum.Users.Application.csproj", "{8E051E08-BF7F-44D3-9079-2A6981A85650}"
EndProject
Project("{2150E333-8FDC-42A3-9474-1A3956D46DE8}") = "Solution Items", "Solution Items", "{02628DA3-8F09-4154-A86B-51F3975BF674}"
ProjectSection(SolutionItems) = preProject
	.env = .env
	appsettings.json = appsettings.json
	docker-compose.yml = docker-compose.yml
	.dockerignore = .dockerignore
	.gitignore = .gitignore
EndProjectSection
EndProject
Project("{2150E333-8FDC-42A3-9474-1A3956D46DE8}") = "Gateway", "Gateway", "{1E1E87A0-7387-49B7-88A0-283556161C23}"
EndProject
Project("{FAE04EC0-301F-11D3-BF4B-00C04F79EFBC}") = "Momentum.Gateway.Api", "src\Gateway\Momentum.Gateway.Api\Momentum.Gateway.Api.csproj", "{6D1BFEA4-673D-46A9-A58C-9EBCA8D2E082}"
EndProject
Project("{FAE04EC0-301F-11D3-BF4B-00C04F79EFBC}") = "Momentum.Users.Infrastructure", "src\Modules\Users\Momentum.Users.Infrastructure\Momentum.Users.Infrastructure.csproj", "{783FAEA6-D27D-4DFE-B9F1-7B5412385B41}"
EndProject
Project("{FAE04EC0-301F-11D3-BF4B-00C04F79EFBC}") = "Momentum.Users.Api", "src\Modules\Users\Momentum.Users.Api\Momentum.Users.Api.csproj", "{C2123840-BE91-4D2D-8603-4A1E55785F98}"
EndProject
Global
	GlobalSection(SolutionConfigurationPlatforms) = preSolution
		Debug|Any CPU = Debug|Any CPU
		Release|Any CPU = Release|Any CPU
	EndGlobalSection
	GlobalSection(NestedProjects) = preSolution
		{C579AB34-5D6D-4FB3-BAC7-2D5BB373C366} = {496BF05E-17C7-4A0E-A9C0-19D8EE475A09}
		{F345EF7E-AAFA-4A24-B98D-4E54DF3B0F1B} = {C579AB34-5D6D-4FB3-BAC7-2D5BB373C366}
		{DE7D225C-DF79-4628-AA8B-A733B82A2E7D} = {F345EF7E-AAFA-4A24-B98D-4E54DF3B0F1B}
		{8158C49B-86ED-42A9-801C-48E0FD1D7205} = {F345EF7E-AAFA-4A24-B98D-4E54DF3B0F1B}
		{9430C60D-ACA7-4182-95A7-B197373F15D6} = {F345EF7E-AAFA-4A24-B98D-4E54DF3B0F1B}
		{B5D499DF-D75C-49DE-A8C3-63A05B31B887} = {F345EF7E-AAFA-4A24-B98D-4E54DF3B0F1B}
		{3194BD1F-B1CA-4A5F-AE9F-5886B7EEFA45} = {496BF05E-17C7-4A0E-A9C0-19D8EE475A09}
		{3C91FABE-5314-4FE7-8499-53B6F0BE6043} = {3194BD1F-B1CA-4A5F-AE9F-5886B7EEFA45}
		{E61164A7-4428-4FFB-8DE4-AC39874F71AB} = {C579AB34-5D6D-4FB3-BAC7-2D5BB373C366}
		{5D556F5E-FCE3-4F2B-9BB5-75D3CA318A24} = {E61164A7-4428-4FFB-8DE4-AC39874F71AB}
		{8E051E08-BF7F-44D3-9079-2A6981A85650} = {E61164A7-4428-4FFB-8DE4-AC39874F71AB}
		{1E1E87A0-7387-49B7-88A0-283556161C23} = {496BF05E-17C7-4A0E-A9C0-19D8EE475A09}
		{6D1BFEA4-673D-46A9-A58C-9EBCA8D2E082} = {1E1E87A0-7387-49B7-88A0-283556161C23}
		{783FAEA6-D27D-4DFE-B9F1-7B5412385B41} = {E61164A7-4428-4FFB-8DE4-AC39874F71AB}
		{C2123840-BE91-4D2D-8603-4A1E55785F98} = {E61164A7-4428-4FFB-8DE4-AC39874F71AB}
	EndGlobalSection
	GlobalSection(ProjectConfigurationPlatforms) = postSolution
		{DE7D225C-DF79-4628-AA8B-A733B82A2E7D}.Debug|Any CPU.ActiveCfg = Debug|Any CPU
		{DE7D225C-DF79-4628-AA8B-A733B82A2E7D}.Debug|Any CPU.Build.0 = Debug|Any CPU
		{DE7D225C-DF79-4628-AA8B-A733B82A2E7D}.Release|Any CPU.ActiveCfg = Release|Any CPU
		{DE7D225C-DF79-4628-AA8B-A733B82A2E7D}.Release|Any CPU.Build.0 = Release|Any CPU
		{8158C49B-86ED-42A9-801C-48E0FD1D7205}.Debug|Any CPU.ActiveCfg = Debug|Any CPU
		{8158C49B-86ED-42A9-801C-48E0FD1D7205}.Debug|Any CPU.Build.0 = Debug|Any CPU
		{8158C49B-86ED-42A9-801C-48E0FD1D7205}.Release|Any CPU.ActiveCfg = Release|Any CPU
		{8158C49B-86ED-42A9-801C-48E0FD1D7205}.Release|Any CPU.Build.0 = Release|Any CPU
		{9430C60D-ACA7-4182-95A7-B197373F15D6}.Debug|Any CPU.ActiveCfg = Debug|Any CPU
		{9430C60D-ACA7-4182-95A7-B197373F15D6}.Debug|Any CPU.Build.0 = Debug|Any CPU
		{9430C60D-ACA7-4182-95A7-B197373F15D6}.Release|Any CPU.ActiveCfg = Release|Any CPU
		{9430C60D-ACA7-4182-95A7-B197373F15D6}.Release|Any CPU.Build.0 = Release|Any CPU
		{B5D499DF-D75C-49DE-A8C3-63A05B31B887}.Debug|Any CPU.ActiveCfg = Debug|Any CPU
		{B5D499DF-D75C-49DE-A8C3-63A05B31B887}.Debug|Any CPU.Build.0 = Debug|Any CPU
		{B5D499DF-D75C-49DE-A8C3-63A05B31B887}.Release|Any CPU.ActiveCfg = Release|Any CPU
		{B5D499DF-D75C-49DE-A8C3-63A05B31B887}.Release|Any CPU.Build.0 = Release|Any CPU
		{3C91FABE-5314-4FE7-8499-53B6F0BE6043}.Debug|Any CPU.ActiveCfg = Debug|Any CPU
		{3C91FABE-5314-4FE7-8499-53B6F0BE6043}.Debug|Any CPU.Build.0 = Debug|Any CPU
		{3C91FABE-5314-4FE7-8499-53B6F0BE6043}.Release|Any CPU.ActiveCfg = Release|Any CPU
		{3C91FABE-5314-4FE7-8499-53B6F0BE6043}.Release|Any CPU.Build.0 = Release|Any CPU
		{5D556F5E-FCE3-4F2B-9BB5-75D3CA318A24}.Debug|Any CPU.ActiveCfg = Debug|Any CPU
		{5D556F5E-FCE3-4F2B-9BB5-75D3CA318A24}.Debug|Any CPU.Build.0 = Debug|Any CPU
		{5D556F5E-FCE3-4F2B-9BB5-75D3CA318A24}.Release|Any CPU.ActiveCfg = Release|Any CPU
		{5D556F5E-FCE3-4F2B-9BB5-75D3CA318A24}.Release|Any CPU.Build.0 = Release|Any CPU
		{8E051E08-BF7F-44D3-9079-2A6981A85650}.Debug|Any CPU.ActiveCfg = Debug|Any CPU
		{8E051E08-BF7F-44D3-9079-2A6981A85650}.Debug|Any CPU.Build.0 = Debug|Any CPU
		{8E051E08-BF7F-44D3-9079-2A6981A85650}.Release|Any CPU.ActiveCfg = Release|Any CPU
		{8E051E08-BF7F-44D3-9079-2A6981A85650}.Release|Any CPU.Build.0 = Release|Any CPU
		{6D1BFEA4-673D-46A9-A58C-9EBCA8D2E082}.Debug|Any CPU.ActiveCfg = Debug|Any CPU
		{6D1BFEA4-673D-46A9-A58C-9EBCA8D2E082}.Debug|Any CPU.Build.0 = Debug|Any CPU
		{6D1BFEA4-673D-46A9-A58C-9EBCA8D2E082}.Release|Any CPU.ActiveCfg = Release|Any CPU
		{6D1BFEA4-673D-46A9-A58C-9EBCA8D2E082}.Release|Any CPU.Build.0 = Release|Any CPU
		{783FAEA6-D27D-4DFE-B9F1-7B5412385B41}.Debug|Any CPU.ActiveCfg = Debug|Any CPU
		{783FAEA6-D27D-4DFE-B9F1-7B5412385B41}.Debug|Any CPU.Build.0 = Debug|Any CPU
		{783FAEA6-D27D-4DFE-B9F1-7B5412385B41}.Release|Any CPU.ActiveCfg = Release|Any CPU
		{783FAEA6-D27D-4DFE-B9F1-7B5412385B41}.Release|Any CPU.Build.0 = Release|Any CPU
		{C2123840-BE91-4D2D-8603-4A1E55785F98}.Debug|Any CPU.ActiveCfg = Debug|Any CPU
		{C2123840-BE91-4D2D-8603-4A1E55785F98}.Debug|Any CPU.Build.0 = Debug|Any CPU
		{C2123840-BE91-4D2D-8603-4A1E55785F98}.Release|Any CPU.ActiveCfg = Release|Any CPU
		{C2123840-BE91-4D2D-8603-4A1E55785F98}.Release|Any CPU.Build.0 = Release|Any CPU
	EndGlobalSection
EndGlobal
